
Microsoft Visual Studio Solution File, Format Version 12.00
# Visual Studio Version 16
VisualStudioVersion = 16.0.34301.259
MinimumVisualStudioVersion = 10.0.40219.1
Project("{FAE04EC0-301F-11D3-BF4B-00C04F79EFBC}") = "UsuariosAsp", "UsuariosAsp\UsuariosAsp.csproj", "{228FC166-D14A-48B7-8185-F321CB798BDC}"
EndProject
Project("{FAE04EC0-301F-11D3-BF4B-00C04F79EFBC}") = "AcessoDadosClassLibrary", "AcessoDadosClassLibrary\AcessoDadosClassLibrary.csproj", "{0902E461-85D4-468C-9D30-46B324750F3D}"
EndProject
Project("{FAE04EC0-301F-11D3-BF4B-00C04F79EFBC}") = "ProjetoUsuariosClassLibrary", "ProjetoUsuariosClassLibrary\ProjetoUsuariosClassLibrary.csproj", "{A174BFF1-DDDD-4D91-9AC0-AC1FA1E6EB6C}"
EndProject
Global
	GlobalSection(SolutionConfigurationPlatforms) = preSolution
		Debug|Any CPU = Debug|Any CPU
		Release|Any CPU = Release|Any CPU
	EndGlobalSection
	GlobalSection(ProjectConfigurationPlatforms) = postSolution
		{228FC166-D14A-48B7-8185-F321CB798BDC}.Debug|Any CPU.ActiveCfg = Debug|Any CPU
		{228FC166-D14A-48B7-8185-F321CB798BDC}.Debug|Any CPU.Build.0 = Debug|Any CPU
		{228FC166-D14A-48B7-8185-F321CB798BDC}.Release|Any CPU.ActiveCfg = Release|Any CPU
		{228FC166-D14A-48B7-8185-F321CB798BDC}.Release|Any CPU.Build.0 = Release|Any CPU
		{0902E461-85D4-468C-9D30-46B324750F3D}.Debug|Any CPU.ActiveCfg = Debug|Any CPU
		{0902E461-85D4-468C-9D30-46B324750F3D}.Debug|Any CPU.Build.0 = Debug|Any CPU
		{0902E461-85D4-468C-9D30-46B324750F3D}.Release|Any CPU.ActiveCfg = Release|Any CPU
		{0902E461-85D4-468C-9D30-46B324750F3D}.Release|Any CPU.Build.0 = Release|Any CPU
		{A174BFF1-DDDD-4D91-9AC0-AC1FA1E6EB6C}.Debug|Any CPU.ActiveCfg = Debug|Any CPU
		{A174BFF1-DDDD-4D91-9AC0-AC1FA1E6EB6C}.Debug|Any CPU.Build.0 = Debug|Any CPU
		{A174BFF1-DDDD-4D91-9AC0-AC1FA1E6EB6C}.Release|Any CPU.ActiveCfg = Release|Any CPU
		{A174BFF1-DDDD-4D91-9AC0-AC1FA1E6EB6C}.Release|Any CPU.Build.0 = Release|Any CPU
	EndGlobalSection
	GlobalSection(SolutionProperties) = preSolution
		HideSolutionNode = FALSE
	EndGlobalSection
	GlobalSection(ExtensibilityGlobals) = postSolution
		SolutionGuid = {FAF55644-3F12-4F21-914B-CD6B85D468D9}
	EndGlobalSection
EndGlobal
